{
  "name": "inter-iit-bootcamp-dev-task",
  "lockfileVersion": 3,
  "requires": true,
  "packages": {
    "": {
      "dependencies": {
        "@picovoice/cheetah-node": "^2.0.3",
        "@picovoice/pvrecorder-node": "^1.2.4"
      }
    },
    "node_modules/@picovoice/cheetah-node": {
      "version": "2.0.3",
      "resolved": "https://registry.npmjs.org/@picovoice/cheetah-node/-/cheetah-node-2.0.3.tgz",
      "integrity": "sha512-BqcDV72PhjE41GQohlnfu/1xr52QTSMlpo504tTY+JgUHcoHnwT0jEp0AbpZgdXLIexYgH/dzUt8Ls12yXyCgQ==",
      "cpu": [
        "!ia32",
        "!mips",
        "!ppc",
        "!ppc64"
      ],
      "license": "Apache-2.0",
      "engines": {
        "node": ">=16.0.0"
      }
    },
    "node_modules/@picovoice/pvrecorder-node": {
      "version": "1.2.4",
      "resolved": "https://registry.npmjs.org/@picovoice/pvrecorder-node/-/pvrecorder-node-1.2.4.tgz",
      "integrity": "sha512-s8l6LtJnTHZ+FfIgXJZ9d8pKONSWs04v5q83F2zmfRr9IV1m7SQ5RlsmL0FO7NsB0GjIar3qHndryAQCjgSInw==",
      "license": "Apache-2.0",
      "engines": {
        "node": ">=14.0.0"
      }
    }
  }
}
